
Microsoft Visual Studio Solution File, Format Version 12.00
# Visual Studio Version 17
VisualStudioVersion = 17.4.33213.308
MinimumVisualStudioVersion = 10.0.40219.1
Project("{FAE04EC0-301F-11D3-BF4B-00C04F79EFBC}") = "Example_Registry", "Example_Registry\Example_Registry.csproj", "{BF9BB9E3-E1B0-4CE2-A465-A53D85E177ED}"
EndProject
Global
	GlobalSection(SolutionConfigurationPlatforms) = preSolution
		Debug|Any CPU = Debug|Any CPU
		Release|Any CPU = Release|Any CPU
	EndGlobalSection
	GlobalSection(ProjectConfigurationPlatforms) = postSolution
		{BF9BB9E3-E1B0-4CE2-A465-A53D85E177ED}.Debug|Any CPU.ActiveCfg = Debug|Any CPU
		{BF9BB9E3-E1B0-4CE2-A465-A53D85E177ED}.Debug|Any CPU.Build.0 = Debug|Any CPU
		{BF9BB9E3-E1B0-4CE2-A465-A53D85E177ED}.Release|Any CPU.ActiveCfg = Release|Any CPU
		{BF9BB9E3-E1B0-4CE2-A465-A53D85E177ED}.Release|Any CPU.Build.0 = Release|Any CPU
	EndGlobalSection
	GlobalSection(SolutionProperties) = preSolution
		HideSolutionNode = FALSE
	EndGlobalSection
	GlobalSection(ExtensibilityGlobals) = postSolution
		SolutionGuid = {4777B17C-0AD3-4E6E-934E-14ABF393A1A4}
	EndGlobalSection
EndGlobal
